{
  "name": "shiburn",
  "version": "0.0.1",
  "lockfileVersion": 1,
  "requires": true,
  "dependencies": {
    "jsbi": {
      "version": "3.1.4",
      "resolved": "https://registry.npmjs.org/jsbi/-/jsbi-3.1.4.tgz",
      "integrity": "sha512-52QRRFSsi9impURE8ZUbzAMCLjPm4THO7H2fcuIvaaeFTbSysvkodbQQXIVsNgq/ypDbq6dJiuGKL0vZ/i9hUg=="
    }
  }
}
